// !$*UTF8*$!
{
	archiveVersion = 1;
	classes = {
	};
	objectVersion = 46;
	objects = {

/* Begin PBXBuildFile section */
		1ADCC45A1967276600C52304 /* main.m in Sources */ = {isa = PBXBuildFile; fileRef = 1ADCC4591967276600C52304 /* main.m */; };
		1ADCC45D1967276600C52304 /* AppDelegate.m in Sources */ = {isa = PBXBuildFile; fileRef = 1ADCC45C1967276600C52304 /* AppDelegate.m */; };
		1ADCC4601967276600C52304 /* ViewController.m in Sources */ = {isa = PBXBuildFile; fileRef = 1ADCC45F1967276600C52304 /* ViewController.m */; };
		1ADCC4631967276600C52304 /* Main.storyboard in Resources */ = {isa = PBXBuildFile; fileRef = 1ADCC4611967276600C52304 /* Main.storyboard */; };
		1ADCC4651967276600C52304 /* Images.xcassets in Resources */ = {isa = PBXBuildFile; fileRef = 1ADCC4641967276600C52304 /* Images.xcassets */; };
		1ADCC4711967276600C52304 /* BridgeTests.m in Sources */ = {isa = PBXBuildFile; fileRef = 1ADCC4701967276600C52304 /* BridgeTests.m */; };
/* End PBXBuildFile section */

/* Begin PBXContainerItemProxy section */
		1ADCC46B1967276600C52304 /* PBXContainerItemProxy */ = {
			isa = PBXContainerItemProxy;
			containerPortal = 1ADCC44C1967276600C52304 /* Project object */;
			proxyType = 1;
			remoteGlobalIDString = 1ADCC4531967276600C52304;
			remoteInfo = Bridge;
		};
/* End PBXContainerItemProxy section */

/* Begin PBXFileReference section */
		1ADCC4541967276600C52304 /* Bridge.app */ = {isa = PBXFileReference; explicitFileType = wrapper.application; includeInIndex = 0; path = Bridge.app; sourceTree = BUILT_PRODUCTS_DIR; };
		1ADCC4581967276600C52304 /* Info.plist */ = {isa = PBXFileReference; lastKnownFileType = text.plist.xml; path = Info.plist; sourceTree = "<group>"; };
		1ADCC4591967276600C52304 /* main.m */ = {isa = PBXFileReference; lastKnownFileType = sourcecode.c.objc; path = main.m; sourceTree = "<group>"; };
		1ADCC45B1967276600C52304 /* AppDelegate.h */ = {isa = PBXFileReference; lastKnownFileType = sourcecode.c.h; path = AppDelegate.h; sourceTree = "<group>"; };
		1ADCC45C1967276600C52304 /* AppDelegate.m */ = {isa = PBXFileReference; lastKnownFileType = sourcecode.c.objc; path = AppDelegate.m; sourceTree = "<group>"; };
		1ADCC45E1967276600C52304 /* ViewController.h */ = {isa = PBXFileReference; lastKnownFileType = sourcecode.c.h; path = ViewController.h; sourceTree = "<group>"; };
		1ADCC45F1967276600C52304 /* ViewController.m */ = {isa = PBXFileReference; lastKnownFileType = sourcecode.c.objc; path = ViewController.m; sourceTree = "<group>"; };
		1ADCC4621967276600C52304 /* Base */ = {isa = PBXFileReference; lastKnownFileType = file.storyboard; name = Base; path = Base.lproj/Main.storyboard; sourceTree = "<group>"; };
		1ADCC4641967276600C52304 /* Images.xcassets */ = {isa = PBXFileReference; lastKnownFileType = folder.assetcatalog; path = Images.xcassets; sourceTree = "<group>"; };
		1ADCC46A1967276600C52304 /* BridgeTests.xctest */ = {isa = PBXFileReference; explicitFileType = wrapper.cfbundle; includeInIndex = 0; path = BridgeTests.xctest; sourceTree = BUILT_PRODUCTS_DIR; };
		1ADCC46F1967276600C52304 /* Info.plist */ = {isa = PBXFileReference; lastKnownFileType = text.plist.xml; path = Info.plist; sourceTree = "<group>"; };
		1ADCC4701967276600C52304 /* BridgeTests.m */ = {isa = PBXFileReference; lastKnownFileType = sourcecode.c.objc; path = BridgeTests.m; sourceTree = "<group>"; };
/* End PBXFileReference section */

/* Begin PBXFrameworksBuildPhase section */
		1ADCC4511967276600C52304 /* Frameworks */ = {
			isa = PBXFrameworksBuildPhase;
			buildActionMask = 2147483647;
			files = (
			);
			runOnlyForDeploymentPostprocessing = 0;
		};
		1ADCC4671967276600C52304 /* Frameworks */ = {
			isa = PBXFrameworksBuildPhase;
			buildActionMask = 2147483647;
			files = (
			);
			runOnlyForDeploymentPostprocessing = 0;
		};
/* End PBXFrameworksBuildPhase section */

/* Begin PBXGroup section */
		1ADCC44B1967276600C52304 = {
			isa = PBXGroup;
			children = (
				1ADCC4561967276600C52304 /* Bridge */,
				1ADCC46D1967276600C52304 /* BridgeTests */,
				1ADCC4551967276600C52304 /* Products */,
			);
			sourceTree = "<group>";
		};
		1ADCC4551967276600C52304 /* Products */ = {
			isa = PBXGroup;
			children = (
				1ADCC4541967276600C52304 /* Bridge.app */,
				1ADCC46A1967276600C52304 /* BridgeTests.xctest */,
			);
			name = Products;
			sourceTree = "<group>";
		};
		1ADCC4561967276600C52304 /* Bridge */ = {
			isa = PBXGroup;
			children = (
				1ADCC45B1967276600C52304 /* AppDelegate.h */,
				1ADCC45C1967276600C52304 /* AppDelegate.m */,
				1ADCC45E1967276600C52304 /* ViewController.h */,
				1ADCC45F1967276600C52304 /* ViewController.m */,
				1ADCC4611967276600C52304 /* Main.storyboard */,
				1ADCC4641967276600C52304 /* Images.xcassets */,
				1ADCC4571967276600C52304 /* Supporting Files */,
			);
			path = Bridge;
			sourceTree = "<group>";
		};
		1ADCC4571967276600C52304 /* Supporting Files */ = {
			isa = PBXGroup;
			children = (
				1ADCC4581967276600C52304 /* Info.plist */,
				1ADCC4591967276600C52304 /* main.m */,
			);
			name = "Supporting Files";
			sourceTree = "<group>";
		};
		1ADCC46D1967276600C52304 /* BridgeTests */ = {
			isa = PBXGroup;
			children = (
				1ADCC4701967276600C52304 /* BridgeTests.m */,
				1ADCC46E1967276600C52304 /* Supporting Files */,
			);
			path = BridgeTests;
			sourceTree = "<group>";
		};
		1ADCC46E1967276600C52304 /* Supporting Files */ = {
			isa = PBXGroup;
			children = (
				1ADCC46F1967276600C52304 /* Info.plist */,
			);
			name = "Supporting Files";
			sourceTree = "<group>";
		};
/* End PBXGroup section */

/* Begin PBXNativeTarget section */
		1ADCC4531967276600C52304 /* Bridge */ = {
			isa = PBXNativeTarget;
			buildConfigurationList = 1ADCC4741967276600C52304 /* Build configuration list for PBXNativeTarget "Bridge" */;
			buildPhases = (
				1ADCC4501967276600C52304 /* Sources */,
				1ADCC4511967276600C52304 /* Frameworks */,
				1ADCC4521967276600C52304 /* Resources */,
			);
			buildRules = (
			);
			dependencies = (
			);
			name = Bridge;
			productName = Bridge;
			productReference = 1ADCC4541967276600C52304 /* Bridge.app */;
			productType = "com.apple.product-type.application";
		};
		1ADCC4691967276600C52304 /* BridgeTests */ = {
			isa = PBXNativeTarget;
			buildConfigurationList = 1ADCC4771967276600C52304 /* Build configuration list for PBXNativeTarget "BridgeTests" */;
			buildPhases = (
				1ADCC4661967276600C52304 /* Sources */,
				1ADCC4671967276600C52304 /* Frameworks */,
				1ADCC4681967276600C52304 /* Resources */,
			);
			buildRules = (
			);
			dependencies = (
				1ADCC46C1967276600C52304 /* PBXTargetDependency */,
			);
			name = BridgeTests;
			productName = BridgeTests;
			productReference = 1ADCC46A1967276600C52304 /* BridgeTests.xctest */;
			productType = "com.apple.product-type.bundle.unit-test";
		};
/* End PBXNativeTarget section */

/* Begin PBXProject section */
		1ADCC44C1967276600C52304 /* Project object */ = {
			isa = PBXProject;
			attributes = {
				LastUpgradeCheck = 0600;
				ORGANIZATIONNAME = "Frigid Studios";
				TargetAttributes = {
					1ADCC4531967276600C52304 = {
						CreatedOnToolsVersion = 6.0;
					};
					1ADCC4691967276600C52304 = {
						CreatedOnToolsVersion = 6.0;
						TestTargetID = 1ADCC4531967276600C52304;
					};
				};
			};
			buildConfigurationList = 1ADCC44F1967276600C52304 /* Build configuration list for PBXProject "Bridge" */;
			compatibilityVersion = "Xcode 3.2";
			developmentRegion = English;
			hasScannedForEncodings = 0;
			knownRegions = (
				en,
				Base,
			);
			mainGroup = 1ADCC44B1967276600C52304;
			productRefGroup = 1ADCC4551967276600C52304 /* Products */;
			projectDirPath = "";
			projectRoot = "";
			targets = (
				1ADCC4531967276600C52304 /* Bridge */,
				1ADCC4691967276600C52304 /* BridgeTests */,
			);
		};
/* End PBXProject section */

/* Begin PBXResourcesBuildPhase section */
		1ADCC4521967276600C52304 /* Resources */ = {
			isa = PBXResourcesBuildPhase;
			buildActionMask = 2147483647;
			files = (
				1ADCC4631967276600C52304 /* Main.storyboard in Resources */,
				1ADCC4651967276600C52304 /* Images.xcassets in Resources */,
			);
			runOnlyForDeploymentPostprocessing = 0;
		};
		1ADCC4681967276600C52304 /* Resources */ = {
			isa = PBXResourcesBuildPhase;
			buildActionMask = 2147483647;
			files = (
			);
			runOnlyForDeploymentPostprocessing = 0;
		};
/* End PBXResourcesBuildPhase section */

/* Begin PBXSourcesBuildPhase section */
		1ADCC4501967276600C52304 /* Sources */ = {
			isa = PBXSourcesBuildPhase;
			buildActionMask = 2147483647;
			files = (
				1ADCC4601967276600C52304 /* ViewController.m in Sources */,
				1ADCC45D1967276600C52304 /* AppDelegate.m in Sources */,
				1ADCC45A1967276600C52304 /* main.m in Sources */,
			);
			runOnlyForDeploymentPostprocessing = 0;
		};
		1ADCC4661967276600C52304 /* Sources */ = {
			isa = PBXSourcesBuildPhase;
			buildActionMask = 2147483647;
			files = (
				1ADCC4711967276600C52304 /* BridgeTests.m in Sources */,
			);
			runOnlyForDeploymentPostprocessing = 0;
		};
/* End PBXSourcesBuildPhase section */

/* Begin PBXTargetDependency section */
		1ADCC46C1967276600C52304 /* PBXTargetDependency */ = {
			isa = PBXTargetDependency;
			target = 1ADCC4531967276600C52304 /* Bridge */;
			targetProxy = 1ADCC46B1967276600C52304 /* PBXContainerItemProxy */;
		};
/* End PBXTargetDependency section */

/* Begin PBXVariantGroup section */
		1ADCC4611967276600C52304 /* Main.storyboard */ = {
			isa = PBXVariantGroup;
			children = (
				1ADCC4621967276600C52304 /* Base */,
			);
			name = Main.storyboard;
			sourceTree = "<group>";
		};
/* End PBXVariantGroup section */

/* Begin XCBuildConfiguration section */
		1ADCC4721967276600C52304 /* Debug */ = {
			isa = XCBuildConfiguration;
			buildSettings = {
				ALWAYS_SEARCH_USER_PATHS = NO;
				CLANG_CXX_LANGUAGE_STANDARD = "gnu++0x";
				CLANG_CXX_LIBRARY = "libc++";
				CLANG_ENABLE_MODULES = YES;
				CLANG_ENABLE_OBJC_ARC = YES;
				CLANG_WARN_BOOL_CONVERSION = YES;
				CLANG_WARN_CONSTANT_CONVERSION = YES;
				CLANG_WARN_DIRECT_OBJC_ISA_USAGE = YES_ERROR;
				CLANG_WARN_EMPTY_BODY = YES;
				CLANG_WARN_ENUM_CONVERSION = YES;
				CLANG_WARN_INT_CONVERSION = YES;
				CLANG_WARN_OBJC_ROOT_CLASS = YES_ERROR;
				CLANG_WARN_UNREACHABLE_CODE = YES;
				CLANG_WARN__DUPLICATE_METHOD_MATCH = YES;
				"CODE_SIGN_IDENTITY[sdk=iphoneos*]" = "iPhone Developer";
				COPY_PHASE_STRIP = NO;
				ENABLE_STRICT_OBJC_MSGSEND = YES;
				GCC_C_LANGUAGE_STANDARD = gnu99;
				GCC_DYNAMIC_NO_PIC = NO;
				GCC_OPTIMIZATION_LEVEL = 0;
				GCC_PREPROCESSOR_DEFINITIONS = (
					"DEBUG=1",
					"$(inherited)",
				);
				GCC_SYMBOLS_PRIVATE_EXTERN = NO;
				GCC_WARN_64_TO_32_BIT_CONVERSION = YES;
				GCC_WARN_ABOUT_RETURN_TYPE = YES_ERROR;
				GCC_WARN_UNDECLARED_SELECTOR = YES;
				GCC_WARN_UNINITIALIZED_AUTOS = YES_AGGRESSIVE;
				GCC_WARN_UNUSED_FUNCTION = YES;
				GCC_WARN_UNUSED_VARIABLE = YES;
				IPHONEOS_DEPLOYMENT_TARGET = 8.0;
				METAL_ENABLE_DEBUG_INFO = YES;
				ONLY_ACTIVE_ARCH = YES;
				SDKROOT = iphoneos;
			};
			name = Debug;
		};
		1ADCC4731967276600C52304 /* Release */ = {
			isa = XCBuildConfiguration;
			buildSettings = {
				ALWAYS_SEARCH_USER_PATHS = NO;
				CLANG_CXX_LANGUAGE_STANDARD = "gnu++0x";
				CLANG_CXX_LIBRARY = "libc++";
				CLANG_ENABLE_MODULES = YES;
				CLANG_ENABLE_OBJC_ARC = YES;
				CLANG_WARN_BOOL_CONVERSION = YES;
				CLANG_WARN_CONSTANT_CONVERSION = YES;
				CLANG_WARN_DIRECT_OBJC_ISA_USAGE = YES_ERROR;
				CLANG_WARN_EMPTY_BODY = YES;
				CLANG_WARN_ENUM_CONVERSION = YES;
				CLANG_WARN_INT_CONVERSION = YES;
				CLANG_WARN_OBJC_ROOT_CLASS = YES_ERROR;
				CLANG_WARN_UNREACHABLE_CODE = YES;
				CLANG_WARN__DUPLICATE_METHOD_MATCH = YES;
				"CODE_SIGN_IDENTITY[sdk=iphoneos*]" = "iPhone Developer";
				COPY_PHASE_STRIP = YES;
				ENABLE_NS_ASSERTIONS = NO;
				ENABLE_STRICT_OBJC_MSGSEND = YES;
				GCC_C_LANGUAGE_STANDARD = gnu99;
				GCC_WARN_64_TO_32_BIT_CONVERSION = YES;
				GCC_WARN_ABOUT_RETURN_TYPE = YES_ERROR;
				GCC_WARN_UNDECLARED_SELECTOR = YES;
				GCC_WARN_UNINITIALIZED_AUTOS = YES_AGGRESSIVE;
				GCC_WARN_UNUSED_FUNCTION = YES;
				GCC_WARN_UNUSED_VARIABLE = YES;
				IPHONEOS_DEPLOYMENT_TARGET = 8.0;
				METAL_ENABLE_DEBUG_INFO = NO;
				SDKROOT = iphoneos;
				VALIDATE_PRODUCT = YES;
			};
			name = Release;
		};
		1ADCC4751967276600C52304 /* Debug */ = {
			isa = XCBuildConfiguration;
			buildSettings = {
				ASSETCATALOG_COMPILER_APPICON_NAME = AppIcon;
				ASSETCATALOG_COMPILER_LAUNCHIMAGE_NAME = LaunchImage;
				INFOPLIST_FILE = Bridge/Info.plist;
				IPHONEOS_DEPLOYMENT_TARGET = 7.1;
				LD_RUNPATH_SEARCH_PATHS = "$(inherited) @executable_path/Frameworks";
				PRODUCT_NAME = "$(TARGET_NAME)";
			};
			name = Debug;
		};
		1ADCC4761967276600C52304 /* Release */ = {
			isa = XCBuildConfiguration;
			buildSettings = {
				ASSETCATALOG_COMPILER_APPICON_NAME = AppIcon;
				ASSETCATALOG_COMPILER_LAUNCHIMAGE_NAME = LaunchImage;
				INFOPLIST_FILE = Bridge/Info.plist;
				IPHONEOS_DEPLOYMENT_TARGET = 7.1;
				LD_RUNPATH_SEARCH_PATHS = "$(inherited) @executable_path/Frameworks";
				PRODUCT_NAME = "$(TARGET_NAME)";
			};
			name = Release;
		};
		1ADCC4781967276600C52304 /* Debug */ = {
			isa = XCBuildConfiguration;
			buildSettings = {
				BUNDLE_LOADER = "$(BUILT_PRODUCTS_DIR)/Bridge.app/Bridge";
				FRAMEWORK_SEARCH_PATHS = (
					"$(SDKROOT)/Developer/Library/Frameworks",
					"$(inherited)",
				);
				GCC_PREPROCESSOR_DEFINITIONS = (
					"DEBUG=1",
					"$(inherited)",
				);
				INFOPLIST_FILE = BridgeTests/Info.plist;
				LD_RUNPATH_SEARCH_PATHS = "$(inherited) @executable_path/Frameworks @loader_path/Frameworks";
				METAL_ENABLE_DEBUG_INFO = YES;
				PRODUCT_NAME = "$(TARGET_NAME)";
				TEST_HOST = "$(BUNDLE_LOADER)";
			};
			name = Debug;
		};
		1ADCC4791967276600C52304 /* Release */ = {
			isa = XCBuildConfiguration;
			buildSettings = {
				BUNDLE_LOADER = "$(BUILT_PRODUCTS_DIR)/Bridge.app/Bridge";
				FRAMEWORK_SEARCH_PATHS = (
					"$(SDKROOT)/Developer/Library/Frameworks",
					"$(inherited)",
				);
				INFOPLIST_FILE = BridgeTests/Info.plist;
				LD_RUNPATH_SEARCH_PATHS = "$(inherited) @executable_path/Frameworks @loader_path/Frameworks";
				METAL_ENABLE_DEBUG_INFO = NO;
				PRODUCT_NAME = "$(TARGET_NAME)";
				TEST_HOST = "$(BUNDLE_LOADER)";
			};
			name = Release;
		};
/* End XCBuildConfiguration section */

/* Begin XCConfigurationList section */
		1ADCC44F1967276600C52304 /* Build configuration list for PBXProject "Bridge" */ = {
			isa = XCConfigurationList;
			buildConfigurations = (
				1ADCC4721967276600C52304 /* Debug */,
				1ADCC4731967276600C52304 /* Release */,
			);
			defaultConfigurationIsVisible = 0;
			defaultConfigurationName = Release;
		};
		1ADCC4741967276600C52304 /* Build configuration list for PBXNativeTarget "Bridge" */ = {
			isa = XCConfigurationList;
			buildConfigurations = (
				1ADCC4751967276600C52304 /* Debug */,
				1ADCC4761967276600C52304 /* Release */,
			);
			defaultConfigurationIsVisible = 0;
		};
		1ADCC4771967276600C52304 /* Build configuration list for PBXNativeTarget "BridgeTests" */ = {
			isa = XCConfigurationList;
			buildConfigurations = (
				1ADCC4781967276600C52304 /* Debug */,
				1ADCC4791967276600C52304 /* Release */,
			);
			defaultConfigurationIsVisible = 0;
		};
/* End XCConfigurationList section */
	};
	rootObject = 1ADCC44C1967276600C52304 /* Project object */;
}
